
Microsoft Visual Studio Solution File, Format Version 12.00
# Visual Studio 2013
VisualStudioVersion = 12.0.30110.0
MinimumVisualStudioVersion = 10.0.40219.1
Project("{8BC9CEB8-8B4A-11D0-8D11-00A0C91BC942}") = "Roll", "Roll\Roll.vcxproj", "{918E15DE-B36B-4A59-903F-16E25D93C885}"
EndProject
Project("{8BC9CEB8-8B4A-11D0-8D11-00A0C91BC942}") = "Clock", "Clock\Clock.vcxproj", "{41013DF0-2292-4C1B-BEAE-CAD7331604F5}"
EndProject
Project("{8BC9CEB8-8B4A-11D0-8D11-00A0C91BC942}") = "DrMario", "DrMario\DrMario.vcxproj", "{E2C53528-BF73-41A3-A9F6-2A2D26701E2F}"
EndProject
Project("{8BC9CEB8-8B4A-11D0-8D11-00A0C91BC942}") = "LifeGame", "LifeGame\LifeGame.vcxproj", "{A592EB37-DD69-4D79-AEE4-26A8DEE86747}"
EndProject
Project("{8BC9CEB8-8B4A-11D0-8D11-00A0C91BC942}") = "HCUI", "HCUI\HCUI.vcxproj", "{7470CB15-31C2-4F76-BDBC-1E39B3926EC2}"
EndProject
Project("{8BC9CEB8-8B4A-11D0-8D11-00A0C91BC942}") = "HCT", "HCT\HCT.vcxproj", "{F126EDBB-D971-45E3-BF68-CCFDFAAF50BF}"
	ProjectSection(ProjectDependencies) = postProject
		{7470CB15-31C2-4F76-BDBC-1E39B3926EC2} = {7470CB15-31C2-4F76-BDBC-1E39B3926EC2}
	EndProjectSection
EndProject
Project("{8BC9CEB8-8B4A-11D0-8D11-00A0C91BC942}") = "LifeGameBenchmark", "LifeGameBenchmark\LifeGameBenchmark.vcxproj", "{64E140C3-03AF-40B1-802B-2C0782E45D37}"
EndProject
Project("{8BC9CEB8-8B4A-11D0-8D11-00A0C91BC942}") = "LifeGameScreenSaver", "LifeGameScreenSaver\LifeGameScreenSaver.vcxproj", "{C89776CC-FBD4-421F-9B75-754E35166C87}"
EndProject
Project("{8BC9CEB8-8B4A-11D0-8D11-00A0C91BC942}") = "NetworkX", "NetworkX\NetworkX.vcxproj", "{D983AAD6-06EC-4C59-8AC7-CDFB9C0B3CF8}"
EndProject
Project("{8BC9CEB8-8B4A-11D0-8D11-00A0C91BC942}") = "2048", "2048\2048.vcxproj", "{C563FF5D-CFC1-4DF5-A4B3-FBAFE57242F3}"
EndProject
Project("{8BC9CEB8-8B4A-11D0-8D11-00A0C91BC942}") = "2048Test", "2048Test\2048Test.vcxproj", "{FFE3A4C2-E2E9-43B0-92CD-58EA66562CA8}"
EndProject
Project("{8BC9CEB8-8B4A-11D0-8D11-00A0C91BC942}") = "LifeGameTest", "LifeGameTest\LifeGameTest.vcxproj", "{A61A39B4-EF17-4054-BEB5-81388123E692}"
EndProject
Global
	GlobalSection(SolutionConfigurationPlatforms) = preSolution
		Debug|Win32 = Debug|Win32
		Release|Win32 = Release|Win32
	EndGlobalSection
	GlobalSection(ProjectConfigurationPlatforms) = postSolution
		{918E15DE-B36B-4A59-903F-16E25D93C885}.Debug|Win32.ActiveCfg = Debug|Win32
		{918E15DE-B36B-4A59-903F-16E25D93C885}.Debug|Win32.Build.0 = Debug|Win32
		{918E15DE-B36B-4A59-903F-16E25D93C885}.Release|Win32.ActiveCfg = Release|Win32
		{918E15DE-B36B-4A59-903F-16E25D93C885}.Release|Win32.Build.0 = Release|Win32
		{41013DF0-2292-4C1B-BEAE-CAD7331604F5}.Debug|Win32.ActiveCfg = Debug|Win32
		{41013DF0-2292-4C1B-BEAE-CAD7331604F5}.Debug|Win32.Build.0 = Debug|Win32
		{41013DF0-2292-4C1B-BEAE-CAD7331604F5}.Release|Win32.ActiveCfg = Release|Win32
		{41013DF0-2292-4C1B-BEAE-CAD7331604F5}.Release|Win32.Build.0 = Release|Win32
		{E2C53528-BF73-41A3-A9F6-2A2D26701E2F}.Debug|Win32.ActiveCfg = Debug|Win32
		{E2C53528-BF73-41A3-A9F6-2A2D26701E2F}.Debug|Win32.Build.0 = Debug|Win32
		{E2C53528-BF73-41A3-A9F6-2A2D26701E2F}.Release|Win32.ActiveCfg = Release|Win32
		{E2C53528-BF73-41A3-A9F6-2A2D26701E2F}.Release|Win32.Build.0 = Release|Win32
		{A592EB37-DD69-4D79-AEE4-26A8DEE86747}.Debug|Win32.ActiveCfg = Debug|Win32
		{A592EB37-DD69-4D79-AEE4-26A8DEE86747}.Debug|Win32.Build.0 = Debug|Win32
		{A592EB37-DD69-4D79-AEE4-26A8DEE86747}.Release|Win32.ActiveCfg = Release|Win32
		{A592EB37-DD69-4D79-AEE4-26A8DEE86747}.Release|Win32.Build.0 = Release|Win32
		{7470CB15-31C2-4F76-BDBC-1E39B3926EC2}.Debug|Win32.ActiveCfg = Debug|Win32
		{7470CB15-31C2-4F76-BDBC-1E39B3926EC2}.Debug|Win32.Build.0 = Debug|Win32
		{7470CB15-31C2-4F76-BDBC-1E39B3926EC2}.Release|Win32.ActiveCfg = Release|Win32
		{7470CB15-31C2-4F76-BDBC-1E39B3926EC2}.Release|Win32.Build.0 = Release|Win32
		{F126EDBB-D971-45E3-BF68-CCFDFAAF50BF}.Debug|Win32.ActiveCfg = Debug|Win32
		{F126EDBB-D971-45E3-BF68-CCFDFAAF50BF}.Debug|Win32.Build.0 = Debug|Win32
		{F126EDBB-D971-45E3-BF68-CCFDFAAF50BF}.Release|Win32.ActiveCfg = Release|Win32
		{F126EDBB-D971-45E3-BF68-CCFDFAAF50BF}.Release|Win32.Build.0 = Release|Win32
		{64E140C3-03AF-40B1-802B-2C0782E45D37}.Debug|Win32.ActiveCfg = Debug|Win32
		{64E140C3-03AF-40B1-802B-2C0782E45D37}.Debug|Win32.Build.0 = Debug|Win32
		{64E140C3-03AF-40B1-802B-2C0782E45D37}.Release|Win32.ActiveCfg = Release|Win32
		{64E140C3-03AF-40B1-802B-2C0782E45D37}.Release|Win32.Build.0 = Release|Win32
		{C89776CC-FBD4-421F-9B75-754E35166C87}.Debug|Win32.ActiveCfg = Debug|Win32
		{C89776CC-FBD4-421F-9B75-754E35166C87}.Debug|Win32.Build.0 = Debug|Win32
		{C89776CC-FBD4-421F-9B75-754E35166C87}.Release|Win32.ActiveCfg = Release|Win32
		{C89776CC-FBD4-421F-9B75-754E35166C87}.Release|Win32.Build.0 = Release|Win32
		{D983AAD6-06EC-4C59-8AC7-CDFB9C0B3CF8}.Debug|Win32.ActiveCfg = Debug|Win32
		{D983AAD6-06EC-4C59-8AC7-CDFB9C0B3CF8}.Debug|Win32.Build.0 = Debug|Win32
		{D983AAD6-06EC-4C59-8AC7-CDFB9C0B3CF8}.Release|Win32.ActiveCfg = Release|Win32
		{D983AAD6-06EC-4C59-8AC7-CDFB9C0B3CF8}.Release|Win32.Build.0 = Release|Win32
		{C563FF5D-CFC1-4DF5-A4B3-FBAFE57242F3}.Debug|Win32.ActiveCfg = Debug|Win32
		{C563FF5D-CFC1-4DF5-A4B3-FBAFE57242F3}.Debug|Win32.Build.0 = Debug|Win32
		{C563FF5D-CFC1-4DF5-A4B3-FBAFE57242F3}.Release|Win32.ActiveCfg = Release|Win32
		{C563FF5D-CFC1-4DF5-A4B3-FBAFE57242F3}.Release|Win32.Build.0 = Release|Win32
		{FFE3A4C2-E2E9-43B0-92CD-58EA66562CA8}.Debug|Win32.ActiveCfg = Debug|Win32
		{FFE3A4C2-E2E9-43B0-92CD-58EA66562CA8}.Debug|Win32.Build.0 = Debug|Win32
		{FFE3A4C2-E2E9-43B0-92CD-58EA66562CA8}.Release|Win32.ActiveCfg = Release|Win32
		{FFE3A4C2-E2E9-43B0-92CD-58EA66562CA8}.Release|Win32.Build.0 = Release|Win32
		{A61A39B4-EF17-4054-BEB5-81388123E692}.Debug|Win32.ActiveCfg = Debug|Win32
		{A61A39B4-EF17-4054-BEB5-81388123E692}.Debug|Win32.Build.0 = Debug|Win32
		{A61A39B4-EF17-4054-BEB5-81388123E692}.Release|Win32.ActiveCfg = Release|Win32
		{A61A39B4-EF17-4054-BEB5-81388123E692}.Release|Win32.Build.0 = Release|Win32
	EndGlobalSection
	GlobalSection(SolutionProperties) = preSolution
		HideSolutionNode = FALSE
	EndGlobalSection
EndGlobal
