<?xml version="1.0" encoding="utf-8"?>
<Project ToolsVersion="4.0" xmlns="http://schemas.microsoft.com/developer/msbuild/2003">
  <ItemGroup>
    <Filter Include="Resource Files">
      <UniqueIdentifier>{67DA6AB6-F800-4c08-8B7A-83BB121AAD01}</UniqueIdentifier>
      <Extensions>rc;ico;cur;bmp;dlg;rc2;rct;bin;rgs;gif;jpg;jpeg;jpe;resx;tiff;tif;png;wav;mfcribbon-ms</Extensions>
    </Filter>
    <Filter Include="View">
      <UniqueIdentifier>{ecfc81da-dc1e-49eb-a0f4-e4e9b57a4f04}</UniqueIdentifier>
    </Filter>
    <Filter Include="Presenter">
      <UniqueIdentifier>{e6965e3f-8b43-4020-9503-4772d0d7c78c}</UniqueIdentifier>
    </Filter>
    <Filter Include="Util">
      <UniqueIdentifier>{59f452f4-906f-4aec-984a-f43430d9ba26}</UniqueIdentifier>
    </Filter>
    <Filter Include="View\Sprite">
      <UniqueIdentifier>{e3704270-188f-4d33-b3e4-fde868286afa}</UniqueIdentifier>
    </Filter>
    <Filter Include="View\UI">
      <UniqueIdentifier>{245f283b-e4ad-447a-a9a8-81ab9e591c3c}</UniqueIdentifier>
    </Filter>
    <Filter Include="View\Animation">
      <UniqueIdentifier>{3a148f25-2b0c-4d6f-bcbd-927000bba778}</UniqueIdentifier>
    </Filter>
  </ItemGroup>
  <ItemGroup>
    <ClCompile Include="Presenter\Game2048App.cpp">
      <Filter>Presenter</Filter>
    </ClCompile>
    <ClCompile Include="Presenter\Cell.cpp">
      <Filter>Presenter</Filter>
    </ClCompile>
    <ClCompile Include="Presenter\Board.cpp">
      <Filter>Presenter</Filter>
    </ClCompile>
    <ClCompile Include="Presenter\BoardLayout.cpp">
      <Filter>Presenter</Filter>
    </ClCompile>
    <ClCompile Include="View\Timer.cpp">
      <Filter>View</Filter>
    </ClCompile>
    <ClCompile Include="View\Animation.cpp">
      <Filter>View\Sprite</Filter>
    </ClCompile>
    <ClCompile Include="View\VerticalLabel.cpp">
      <Filter>View\UI</Filter>
    </ClCompile>
    <ClCompile Include="View\CellAnimation.cpp">
      <Filter>View\Animation</Filter>
    </ClCompile>
    <ClCompile Include="View\CellRenderer.cpp">
      <Filter>View\Animation</Filter>
    </ClCompile>
    <ClCompile Include="View\Label.cpp">
      <Filter>View\UI</Filter>
    </ClCompile>
    <ClCompile Include="View\Clip.cpp">
      <Filter>View\Sprite</Filter>
    </ClCompile>
    <ClCompile Include="View\Sprite.cpp">
      <Filter>View\Sprite</Filter>
    </ClCompile>
    <ClCompile Include="View\Control.cpp">
      <Filter>View\UI</Filter>
    </ClCompile>
    <ClCompile Include="View\UI.cpp">
      <Filter>View\UI</Filter>
    </ClCompile>
    <ClCompile Include="View\Gfx.cpp">
      <Filter>View\Sprite</Filter>
    </ClCompile>
  </ItemGroup>
  <ItemGroup>
    <ClInclude Include="Random.h">
      <Filter>Util</Filter>
    </ClInclude>
    <ClInclude Include="Presenter\Config.h">
      <Filter>Presenter</Filter>
    </ClInclude>
    <ClInclude Include="Presenter\Game2048App.h">
      <Filter>Presenter</Filter>
    </ClInclude>
    <ClInclude Include="Presenter\Cell.h">
      <Filter>Presenter</Filter>
    </ClInclude>
    <ClInclude Include="Presenter\Board.h">
      <Filter>Presenter</Filter>
    </ClInclude>
    <ClInclude Include="Presenter\Piece.h">
      <Filter>Presenter</Filter>
    </ClInclude>
    <ClInclude Include="Presenter\BoardLayout.h">
      <Filter>Presenter</Filter>
    </ClInclude>
    <ClInclude Include="View\Timer.h">
      <Filter>View</Filter>
    </ClInclude>
    <ClInclude Include="View\Animation.h">
      <Filter>View\Sprite</Filter>
    </ClInclude>
    <ClInclude Include="View\VerticalLabel.h">
      <Filter>View\UI</Filter>
    </ClInclude>
    <ClInclude Include="View\CellAnimation.h">
      <Filter>View\Animation</Filter>
    </ClInclude>
    <ClInclude Include="View\CellRenderer.h">
      <Filter>View\Animation</Filter>
    </ClInclude>
    <ClInclude Include="View\Label.h">
      <Filter>View\UI</Filter>
    </ClInclude>
    <ClInclude Include="View\Clip.h">
      <Filter>View\Sprite</Filter>
    </ClInclude>
    <ClInclude Include="View\Sprite.h">
      <Filter>View\Sprite</Filter>
    </ClInclude>
    <ClInclude Include="View\Slice.h">
      <Filter>View\Sprite</Filter>
    </ClInclude>
    <ClInclude Include="View\Control.h">
      <Filter>View\UI</Filter>
    </ClInclude>
    <ClInclude Include="View\UI.h">
      <Filter>View\UI</Filter>
    </ClInclude>
    <ClInclude Include="View\Gfx.h">
      <Filter>View\Sprite</Filter>
    </ClInclude>
  </ItemGroup>
  <ItemGroup>
    <None Include="README.md" />
  </ItemGroup>
</Project>