<?xml version="1.0" encoding="utf-8"?>
<Project ToolsVersion="4.0" xmlns="http://schemas.microsoft.com/developer/msbuild/2003">
  <ItemGroup>
    <Filter Include="Resource Files">
      <UniqueIdentifier>{67DA6AB6-F800-4c08-8B7A-83BB121AAD01}</UniqueIdentifier>
      <Extensions>rc;ico;cur;bmp;dlg;rc2;rct;bin;rgs;gif;jpg;jpeg;jpe;resx;tiff;tif;png;wav;mfcribbon-ms</Extensions>
    </Filter>
    <Filter Include="View">
      <UniqueIdentifier>{ecfc81da-dc1e-49eb-a0f4-e4e9b57a4f04}</UniqueIdentifier>
    </Filter>
    <Filter Include="Presenter">
      <UniqueIdentifier>{e6965e3f-8b43-4020-9503-4772d0d7c78c}</UniqueIdentifier>
    </Filter>
    <Filter Include="Util">
      <UniqueIdentifier>{59f452f4-906f-4aec-984a-f43430d9ba26}</UniqueIdentifier>
    </Filter>
    <Filter Include="Model">
      <UniqueIdentifier>{46936c7c-2b59-4fb0-a0e7-4ac96c3e727a}</UniqueIdentifier>
    </Filter>
  </ItemGroup>
  <ItemGroup>
    <ClCompile Include="Presenter\Game2048App.cpp">
      <Filter>Presenter</Filter>
    </ClCompile>
    <ClCompile Include="View\Animation.cpp">
      <Filter>View</Filter>
    </ClCompile>
    <ClCompile Include="Presenter\Cell.cpp">
      <Filter>Presenter</Filter>
    </ClCompile>
    <ClCompile Include="View\CellAnimation.cpp">
      <Filter>View</Filter>
    </ClCompile>
    <ClCompile Include="Presenter\Scene.cpp">
      <Filter>Presenter</Filter>
    </ClCompile>
    <ClCompile Include="View\CellRenderer.cpp">
      <Filter>View</Filter>
    </ClCompile>
    <ClCompile Include="Presenter\Board.cpp">
      <Filter>Presenter</Filter>
    </ClCompile>
  </ItemGroup>
  <ItemGroup>
    <ClInclude Include="Random.h">
      <Filter>Util</Filter>
    </ClInclude>
    <ClInclude Include="Presenter\Config.h">
      <Filter>Presenter</Filter>
    </ClInclude>
    <ClInclude Include="Presenter\Game2048App.h">
      <Filter>Presenter</Filter>
    </ClInclude>
    <ClInclude Include="Model\Piece.h">
      <Filter>Model</Filter>
    </ClInclude>
    <ClInclude Include="View\Animation.h">
      <Filter>View</Filter>
    </ClInclude>
    <ClInclude Include="View\IRenderable.h">
      <Filter>View</Filter>
    </ClInclude>
    <ClInclude Include="Presenter\Cell.h">
      <Filter>Presenter</Filter>
    </ClInclude>
    <ClInclude Include="View\CellAnimation.h">
      <Filter>View</Filter>
    </ClInclude>
    <ClInclude Include="Presenter\Scene.h">
      <Filter>Presenter</Filter>
    </ClInclude>
    <ClInclude Include="View\CellRenderer.h">
      <Filter>View</Filter>
    </ClInclude>
    <ClInclude Include="Presenter\Board.h">
      <Filter>Presenter</Filter>
    </ClInclude>
  </ItemGroup>
  <ItemGroup>
    <None Include="README.md" />
  </ItemGroup>
</Project>