<?xml version="1.0" encoding="utf-8"?>
<Project ToolsVersion="4.0" xmlns="http://schemas.microsoft.com/developer/msbuild/2003">
  <ItemGroup>
    <Filter Include="Resource Files">
      <UniqueIdentifier>{67DA6AB6-F800-4c08-8B7A-83BB121AAD01}</UniqueIdentifier>
      <Extensions>rc;ico;cur;bmp;dlg;rc2;rct;bin;rgs;gif;jpg;jpeg;jpe;resx;tiff;tif;png;wav;mfcribbon-ms</Extensions>
    </Filter>
    <Filter Include="View">
      <UniqueIdentifier>{ecfc81da-dc1e-49eb-a0f4-e4e9b57a4f04}</UniqueIdentifier>
    </Filter>
    <Filter Include="Presenter">
      <UniqueIdentifier>{e6965e3f-8b43-4020-9503-4772d0d7c78c}</UniqueIdentifier>
    </Filter>
    <Filter Include="Util">
      <UniqueIdentifier>{59f452f4-906f-4aec-984a-f43430d9ba26}</UniqueIdentifier>
    </Filter>
    <Filter Include="View\CellAnimation">
      <UniqueIdentifier>{3a148f25-2b0c-4d6f-bcbd-927000bba778}</UniqueIdentifier>
    </Filter>
    <Filter Include="animation">
      <UniqueIdentifier>{73602468-654a-459c-8511-6e76e3a59bb1}</UniqueIdentifier>
    </Filter>
    <Filter Include="ui">
      <UniqueIdentifier>{245f283b-e4ad-447a-a9a8-81ab9e591c3c}</UniqueIdentifier>
    </Filter>
  </ItemGroup>
  <ItemGroup>
    <ClCompile Include="Presenter\Game2048App.cpp">
      <Filter>Presenter</Filter>
    </ClCompile>
    <ClCompile Include="Presenter\Cell.cpp">
      <Filter>Presenter</Filter>
    </ClCompile>
    <ClCompile Include="Presenter\Board.cpp">
      <Filter>Presenter</Filter>
    </ClCompile>
    <ClCompile Include="Presenter\BoardLayout.cpp">
      <Filter>Presenter</Filter>
    </ClCompile>
    <ClCompile Include="View\Timer.cpp">
      <Filter>View</Filter>
    </ClCompile>
    <ClCompile Include="View\CellAnimation.cpp">
      <Filter>View\CellAnimation</Filter>
    </ClCompile>
    <ClCompile Include="View\CellRenderer.cpp">
      <Filter>View\CellAnimation</Filter>
    </ClCompile>
    <ClCompile Include="View\animation\Animation.cpp">
      <Filter>animation</Filter>
    </ClCompile>
    <ClCompile Include="View\animation\Clip.cpp">
      <Filter>animation</Filter>
    </ClCompile>
    <ClCompile Include="View\animation\Gfx.cpp">
      <Filter>animation</Filter>
    </ClCompile>
    <ClCompile Include="View\animation\Sprite.cpp">
      <Filter>animation</Filter>
    </ClCompile>
    <ClCompile Include="View\GameOverWindow.cpp">
      <Filter>View</Filter>
    </ClCompile>
    <ClCompile Include="View\ui\Label.cpp">
      <Filter>ui</Filter>
    </ClCompile>
    <ClCompile Include="View\ui\UI.cpp">
      <Filter>ui</Filter>
    </ClCompile>
    <ClCompile Include="View\ui\VerticalLabel.cpp">
      <Filter>ui</Filter>
    </ClCompile>
    <ClCompile Include="View\ui\Button.cpp">
      <Filter>ui</Filter>
    </ClCompile>
    <ClCompile Include="View\ui\Control.cpp">
      <Filter>ui</Filter>
    </ClCompile>
    <ClCompile Include="View\ui\IntLabel.cpp">
      <Filter>ui</Filter>
    </ClCompile>
  </ItemGroup>
  <ItemGroup>
    <ClInclude Include="Random.h">
      <Filter>Util</Filter>
    </ClInclude>
    <ClInclude Include="Presenter\Config.h">
      <Filter>Presenter</Filter>
    </ClInclude>
    <ClInclude Include="Presenter\Game2048App.h">
      <Filter>Presenter</Filter>
    </ClInclude>
    <ClInclude Include="Presenter\Cell.h">
      <Filter>Presenter</Filter>
    </ClInclude>
    <ClInclude Include="Presenter\Board.h">
      <Filter>Presenter</Filter>
    </ClInclude>
    <ClInclude Include="Presenter\Piece.h">
      <Filter>Presenter</Filter>
    </ClInclude>
    <ClInclude Include="Presenter\BoardLayout.h">
      <Filter>Presenter</Filter>
    </ClInclude>
    <ClInclude Include="View\Timer.h">
      <Filter>View</Filter>
    </ClInclude>
    <ClInclude Include="View\CellAnimation.h">
      <Filter>View\CellAnimation</Filter>
    </ClInclude>
    <ClInclude Include="View\CellRenderer.h">
      <Filter>View\CellAnimation</Filter>
    </ClInclude>
    <ClInclude Include="View\animation\Animation.h">
      <Filter>animation</Filter>
    </ClInclude>
    <ClInclude Include="View\animation\Clip.h">
      <Filter>animation</Filter>
    </ClInclude>
    <ClInclude Include="View\animation\Gfx.h">
      <Filter>animation</Filter>
    </ClInclude>
    <ClInclude Include="View\animation\Slice.h">
      <Filter>animation</Filter>
    </ClInclude>
    <ClInclude Include="View\animation\Sprite.h">
      <Filter>animation</Filter>
    </ClInclude>
    <ClInclude Include="View\GameOverWindow.h">
      <Filter>View</Filter>
    </ClInclude>
    <ClInclude Include="View\ui\IntLabel.h">
      <Filter>ui</Filter>
    </ClInclude>
    <ClInclude Include="View\ui\Label.h">
      <Filter>ui</Filter>
    </ClInclude>
    <ClInclude Include="View\ui\UI.h">
      <Filter>ui</Filter>
    </ClInclude>
    <ClInclude Include="View\ui\VerticalLabel.h">
      <Filter>ui</Filter>
    </ClInclude>
    <ClInclude Include="View\ui\Anchor.h">
      <Filter>ui</Filter>
    </ClInclude>
    <ClInclude Include="View\ui\Button.h">
      <Filter>ui</Filter>
    </ClInclude>
    <ClInclude Include="View\ui\Control.h">
      <Filter>ui</Filter>
    </ClInclude>
  </ItemGroup>
  <ItemGroup>
    <None Include="README.md" />
  </ItemGroup>
</Project>